// !$*UTF8*$!
{
	archiveVersion = 1;
	classes = {
	};
	objectVersion = 46;
	objects = {

/* Begin PBXBuildFile section */
		70603C5918E6BCE000C0AB68 /* AppDelegate.m in Sources */ = {isa = PBXBuildFile; fileRef = 70603C5318E6BCE000C0AB68 /* AppDelegate.m */; };
		70603C5A18E6BCE000C0AB68 /* Images.xcassets in Resources */ = {isa = PBXBuildFile; fileRef = 70603C5418E6BCE000C0AB68 /* Images.xcassets */; };
		70603C5B18E6BCE000C0AB68 /* main.m in Sources */ = {isa = PBXBuildFile; fileRef = 70603C5518E6BCE000C0AB68 /* main.m */; };
		70603C6718E6BCF700C0AB68 /* WLHorizontalSegmentedControl.m in Sources */ = {isa = PBXBuildFile; fileRef = 70603C5E18E6BCF700C0AB68 /* WLHorizontalSegmentedControl.m */; };
		70603C6818E6BCF700C0AB68 /* WLSegment.m in Sources */ = {isa = PBXBuildFile; fileRef = 70603C6018E6BCF700C0AB68 /* WLSegment.m */; };
		70603C6918E6BCF700C0AB68 /* WLSegmentedControl.m in Sources */ = {isa = PBXBuildFile; fileRef = 70603C6218E6BCF700C0AB68 /* WLSegmentedControl.m */; };
		70603C6B18E6BCF700C0AB68 /* WLVerticalSegmentedControl.m in Sources */ = {isa = PBXBuildFile; fileRef = 70603C6618E6BCF700C0AB68 /* WLVerticalSegmentedControl.m */; };
		70603C6F18E6BE0600C0AB68 /* WLSegmentedControls-Info.plist in Resources */ = {isa = PBXBuildFile; fileRef = 70603C6C18E6BD5500C0AB68 /* WLSegmentedControls-Info.plist */; };
/* End PBXBuildFile section */

/* Begin PBXFileReference section */
		1D6058910D05DD3D006BFB54 /* WLSegmentedControls.app */ = {isa = PBXFileReference; explicitFileType = wrapper.application; includeInIndex = 0; path = WLSegmentedControls.app; sourceTree = BUILT_PRODUCTS_DIR; };
		70603C5218E6BCE000C0AB68 /* AppDelegate.h */ = {isa = PBXFileReference; fileEncoding = 4; lastKnownFileType = sourcecode.c.h; path = AppDelegate.h; sourceTree = "<group>"; };
		70603C5318E6BCE000C0AB68 /* AppDelegate.m */ = {isa = PBXFileReference; fileEncoding = 4; lastKnownFileType = sourcecode.c.objc; path = AppDelegate.m; sourceTree = "<group>"; };
		70603C5418E6BCE000C0AB68 /* Images.xcassets */ = {isa = PBXFileReference; lastKnownFileType = folder.assetcatalog; path = Images.xcassets; sourceTree = "<group>"; };
		70603C5518E6BCE000C0AB68 /* main.m */ = {isa = PBXFileReference; fileEncoding = 4; lastKnownFileType = sourcecode.c.objc; path = main.m; sourceTree = "<group>"; };
		70603C5618E6BCE000C0AB68 /* WLSegmentedControls.xcodeproj */ = {isa = PBXFileReference; lastKnownFileType = "wrapper.pb-project"; path = WLSegmentedControls.xcodeproj; sourceTree = "<group>"; };
		70603C5D18E6BCF700C0AB68 /* WLHorizontalSegmentedControl.h */ = {isa = PBXFileReference; fileEncoding = 4; lastKnownFileType = sourcecode.c.h; path = WLHorizontalSegmentedControl.h; sourceTree = "<group>"; };
		70603C5E18E6BCF700C0AB68 /* WLHorizontalSegmentedControl.m */ = {isa = PBXFileReference; fileEncoding = 4; lastKnownFileType = sourcecode.c.objc; path = WLHorizontalSegmentedControl.m; sourceTree = "<group>"; };
		70603C5F18E6BCF700C0AB68 /* WLSegment.h */ = {isa = PBXFileReference; fileEncoding = 4; lastKnownFileType = sourcecode.c.h; path = WLSegment.h; sourceTree = "<group>"; };
		70603C6018E6BCF700C0AB68 /* WLSegment.m */ = {isa = PBXFileReference; fileEncoding = 4; lastKnownFileType = sourcecode.c.objc; path = WLSegment.m; sourceTree = "<group>"; };
		70603C6118E6BCF700C0AB68 /* WLSegmentedControl.h */ = {isa = PBXFileReference; fileEncoding = 4; lastKnownFileType = sourcecode.c.h; path = WLSegmentedControl.h; sourceTree = "<group>"; };
		70603C6218E6BCF700C0AB68 /* WLSegmentedControl.m */ = {isa = PBXFileReference; fileEncoding = 4; lastKnownFileType = sourcecode.c.objc; path = WLSegmentedControl.m; sourceTree = "<group>"; };
		70603C6518E6BCF700C0AB68 /* WLVerticalSegmentedControl.h */ = {isa = PBXFileReference; fileEncoding = 4; lastKnownFileType = sourcecode.c.h; path = WLVerticalSegmentedControl.h; sourceTree = "<group>"; };
		70603C6618E6BCF700C0AB68 /* WLVerticalSegmentedControl.m */ = {isa = PBXFileReference; fileEncoding = 4; lastKnownFileType = sourcecode.c.objc; path = WLVerticalSegmentedControl.m; sourceTree = "<group>"; };
		70603C6C18E6BD5500C0AB68 /* WLSegmentedControls-Info.plist */ = {isa = PBXFileReference; fileEncoding = 4; lastKnownFileType = text.plist.xml; path = "WLSegmentedControls-Info.plist"; sourceTree = "<group>"; };
		70603C6E18E6BDD800C0AB68 /* WLSegmentedControls_Prefix.pch */ = {isa = PBXFileReference; lastKnownFileType = sourcecode.c.h; path = WLSegmentedControls_Prefix.pch; sourceTree = "<group>"; };
/* End PBXFileReference section */

/* Begin PBXFrameworksBuildPhase section */
		1D60588F0D05DD3D006BFB54 /* Frameworks */ = {
			isa = PBXFrameworksBuildPhase;
			buildActionMask = 2147483647;
			files = (
			);
			runOnlyForDeploymentPostprocessing = 0;
		};
/* End PBXFrameworksBuildPhase section */

/* Begin PBXGroup section */
		19C28FACFE9D520D11CA2CBB /* Products */ = {
			isa = PBXGroup;
			children = (
				1D6058910D05DD3D006BFB54 /* WLSegmentedControls.app */,
			);
			name = Products;
			sourceTree = "<group>";
		};
		29B97314FDCFA39411CA2CEA /* CustomTemplate */ = {
			isa = PBXGroup;
			children = (
				70603C5C18E6BCF700C0AB68 /* Classes */,
				70603C5118E6BCE000C0AB68 /* Demo */,
				19C28FACFE9D520D11CA2CBB /* Products */,
			);
			name = CustomTemplate;
			sourceTree = "<group>";
		};
		70603C5118E6BCE000C0AB68 /* Demo */ = {
			isa = PBXGroup;
			children = (
				70603C5218E6BCE000C0AB68 /* AppDelegate.h */,
				70603C5318E6BCE000C0AB68 /* AppDelegate.m */,
				70603C5418E6BCE000C0AB68 /* Images.xcassets */,
				70603C5518E6BCE000C0AB68 /* main.m */,
				70603C6E18E6BDD800C0AB68 /* WLSegmentedControls_Prefix.pch */,
				70603C6C18E6BD5500C0AB68 /* WLSegmentedControls-Info.plist */,
				70603C5618E6BCE000C0AB68 /* WLSegmentedControls.xcodeproj */,
			);
			name = Demo;
			sourceTree = "<group>";
		};
		70603C5718E6BCE000C0AB68 /* Products */ = {
			isa = PBXGroup;
			name = Products;
			sourceTree = "<group>";
		};
		70603C5C18E6BCF700C0AB68 /* Classes */ = {
			isa = PBXGroup;
			children = (
				70603C5D18E6BCF700C0AB68 /* WLHorizontalSegmentedControl.h */,
				70603C5E18E6BCF700C0AB68 /* WLHorizontalSegmentedControl.m */,
				70603C5F18E6BCF700C0AB68 /* WLSegment.h */,
				70603C6018E6BCF700C0AB68 /* WLSegment.m */,
				70603C6118E6BCF700C0AB68 /* WLSegmentedControl.h */,
				70603C6218E6BCF700C0AB68 /* WLSegmentedControl.m */,
				70603C6518E6BCF700C0AB68 /* WLVerticalSegmentedControl.h */,
				70603C6618E6BCF700C0AB68 /* WLVerticalSegmentedControl.m */,
			);
			name = Classes;
			path = ../Classes;
			sourceTree = "<group>";
		};
/* End PBXGroup section */

/* Begin PBXNativeTarget section */
		1D6058900D05DD3D006BFB54 /* WLSegmentedControls */ = {
			isa = PBXNativeTarget;
			buildConfigurationList = 1D6058960D05DD3E006BFB54 /* Build configuration list for PBXNativeTarget "WLSegmentedControls" */;
			buildPhases = (
				1D60588D0D05DD3D006BFB54 /* Resources */,
				1D60588E0D05DD3D006BFB54 /* Sources */,
				1D60588F0D05DD3D006BFB54 /* Frameworks */,
				C9D4CF3B11FDBE5900E09B43 /* ShellScript */,
			);
			buildRules = (
			);
			dependencies = (
			);
			name = WLSegmentedControls;
			productName = WLSegmentedControls;
			productReference = 1D6058910D05DD3D006BFB54 /* WLSegmentedControls.app */;
			productType = "com.apple.product-type.application";
		};
/* End PBXNativeTarget section */

/* Begin PBXProject section */
		29B97313FDCFA39411CA2CEA /* Project object */ = {
			isa = PBXProject;
			attributes = {
				LastUpgradeCheck = 0510;
			};
			buildConfigurationList = C01FCF4E08A954540054247B /* Build configuration list for PBXProject "WLSegmentedControls" */;
			compatibilityVersion = "Xcode 3.2";
			developmentRegion = English;
			hasScannedForEncodings = 1;
			knownRegions = (
				English,
				Japanese,
				French,
				German,
			);
			mainGroup = 29B97314FDCFA39411CA2CEA /* CustomTemplate */;
			projectDirPath = "";
			projectReferences = (
				{
					ProductGroup = 70603C5718E6BCE000C0AB68 /* Products */;
					ProjectRef = 70603C5618E6BCE000C0AB68 /* WLSegmentedControls.xcodeproj */;
				},
			);
			projectRoot = "";
			targets = (
				1D6058900D05DD3D006BFB54 /* WLSegmentedControls */,
			);
		};
/* End PBXProject section */

/* Begin PBXResourcesBuildPhase section */
		1D60588D0D05DD3D006BFB54 /* Resources */ = {
			isa = PBXResourcesBuildPhase;
			buildActionMask = 2147483647;
			files = (
				70603C6F18E6BE0600C0AB68 /* WLSegmentedControls-Info.plist in Resources */,
				70603C5A18E6BCE000C0AB68 /* Images.xcassets in Resources */,
			);
			runOnlyForDeploymentPostprocessing = 0;
		};
/* End PBXResourcesBuildPhase section */

/* Begin PBXShellScriptBuildPhase section */
		C9D4CF3B11FDBE5900E09B43 /* ShellScript */ = {
			isa = PBXShellScriptBuildPhase;
			buildActionMask = 2147483647;
			files = (
			);
			inputPaths = (
			);
			outputPaths = (
			);
			runOnlyForDeploymentPostprocessing = 0;
			shellPath = /bin/sh;
			shellScript = "# appledoc -p \"$PROJECT_NAME\" -i \"$SRCROOT\" -o \"$BUILD_DIR/doc\" --xhtml --docset";
		};
/* End PBXShellScriptBuildPhase section */

/* Begin PBXSourcesBuildPhase section */
		1D60588E0D05DD3D006BFB54 /* Sources */ = {
			isa = PBXSourcesBuildPhase;
			buildActionMask = 2147483647;
			files = (
				70603C6818E6BCF700C0AB68 /* WLSegment.m in Sources */,
				70603C5B18E6BCE000C0AB68 /* main.m in Sources */,
				70603C6718E6BCF700C0AB68 /* WLHorizontalSegmentedControl.m in Sources */,
				70603C5918E6BCE000C0AB68 /* AppDelegate.m in Sources */,
				70603C6918E6BCF700C0AB68 /* WLSegmentedControl.m in Sources */,
				70603C6B18E6BCF700C0AB68 /* WLVerticalSegmentedControl.m in Sources */,
			);
			runOnlyForDeploymentPostprocessing = 0;
		};
/* End PBXSourcesBuildPhase section */

/* Begin XCBuildConfiguration section */
		1D6058940D05DD3E006BFB54 /* Debug */ = {
			isa = XCBuildConfiguration;
			buildSettings = {
				ALWAYS_SEARCH_USER_PATHS = NO;
				ASSETCATALOG_COMPILER_APPICON_NAME = AppIcon;
				ASSETCATALOG_COMPILER_LAUNCHIMAGE_NAME = LaunchImage;
				COPY_PHASE_STRIP = NO;
				GCC_OPTIMIZATION_LEVEL = 0;
				GCC_PRECOMPILE_PREFIX_HEADER = YES;
				GCC_PREFIX_HEADER = WLSegmentedControls_Prefix.pch;
				GCC_VERSION = com.apple.compilers.llvm.clang.1_0;
				INFOPLIST_FILE = "WLSegmentedControls-Info.plist";
				PRODUCT_NAME = WLSegmentedControls;
			};
			name = Debug;
		};
		1D6058950D05DD3E006BFB54 /* Release */ = {
			isa = XCBuildConfiguration;
			buildSettings = {
				ALWAYS_SEARCH_USER_PATHS = NO;
				ASSETCATALOG_COMPILER_APPICON_NAME = AppIcon;
				ASSETCATALOG_COMPILER_LAUNCHIMAGE_NAME = LaunchImage;
				COPY_PHASE_STRIP = YES;
				GCC_PRECOMPILE_PREFIX_HEADER = YES;
				GCC_PREFIX_HEADER = WLSegmentedControls_Prefix.pch;
				GCC_VERSION = com.apple.compilers.llvm.clang.1_0;
				INFOPLIST_FILE = "WLSegmentedControls-Info.plist";
				PRODUCT_NAME = WLSegmentedControls;
				VALIDATE_PRODUCT = YES;
			};
			name = Release;
		};
		C01FCF4F08A954540054247B /* Debug */ = {
			isa = XCBuildConfiguration;
			buildSettings = {
				CLANG_ENABLE_MODULES = YES;
				CLANG_ENABLE_OBJC_ARC = YES;
				CLANG_WARN_DEPRECATED_OBJC_IMPLEMENTATIONS = YES;
				CLANG_WARN_OBJC_EXPLICIT_OWNERSHIP_TYPE = YES;
				CLANG_WARN_OBJC_IMPLICIT_ATOMIC_PROPERTIES = YES;
				CLANG_WARN_SUSPICIOUS_IMPLICIT_CONVERSION = YES;
				CLANG_WARN__DUPLICATE_METHOD_MATCH = YES;
				"CODE_SIGN_IDENTITY[sdk=iphoneos*]" = "iPhone Developer";
				GCC_C_LANGUAGE_STANDARD = c99;
				GCC_PREPROCESSOR_DEFINITIONS = DEBUG;
				GCC_WARN_STRICT_SELECTOR_MATCH = YES;
				GCC_WARN_UNDECLARED_SELECTOR = YES;
				ONLY_ACTIVE_ARCH = YES;
				OTHER_CFLAGS = (
					"-Wall",
					"-Wextra",
					"-Wno-unused-parameter",
				);
				SDKROOT = iphoneos;
				TARGETED_DEVICE_FAMILY = "1,2";
			};
			name = Debug;
		};
		C01FCF5008A954540054247B /* Release */ = {
			isa = XCBuildConfiguration;
			buildSettings = {
				CLANG_ENABLE_MODULES = YES;
				CLANG_ENABLE_OBJC_ARC = YES;
				CLANG_WARN_DEPRECATED_OBJC_IMPLEMENTATIONS = YES;
				CLANG_WARN_OBJC_EXPLICIT_OWNERSHIP_TYPE = YES;
				CLANG_WARN_OBJC_IMPLICIT_ATOMIC_PROPERTIES = YES;
				CLANG_WARN_SUSPICIOUS_IMPLICIT_CONVERSION = YES;
				CLANG_WARN__DUPLICATE_METHOD_MATCH = YES;
				"CODE_SIGN_IDENTITY[sdk=iphoneos*]" = "iPhone Developer";
				GCC_C_LANGUAGE_STANDARD = c99;
				GCC_WARN_STRICT_SELECTOR_MATCH = YES;
				GCC_WARN_UNDECLARED_SELECTOR = YES;
				OTHER_CFLAGS = (
					"-Wall",
					"-Wextra",
					"-Wno-unused-parameter",
				);
				SDKROOT = iphoneos;
				TARGETED_DEVICE_FAMILY = "1,2";
			};
			name = Release;
		};
/* End XCBuildConfiguration section */

/* Begin XCConfigurationList section */
		1D6058960D05DD3E006BFB54 /* Build configuration list for PBXNativeTarget "WLSegmentedControls" */ = {
			isa = XCConfigurationList;
			buildConfigurations = (
				1D6058940D05DD3E006BFB54 /* Debug */,
				1D6058950D05DD3E006BFB54 /* Release */,
			);
			defaultConfigurationIsVisible = 0;
			defaultConfigurationName = Release;
		};
		C01FCF4E08A954540054247B /* Build configuration list for PBXProject "WLSegmentedControls" */ = {
			isa = XCConfigurationList;
			buildConfigurations = (
				C01FCF4F08A954540054247B /* Debug */,
				C01FCF5008A954540054247B /* Release */,
			);
			defaultConfigurationIsVisible = 0;
			defaultConfigurationName = Release;
		};
/* End XCConfigurationList section */
	};
	rootObject = 29B97313FDCFA39411CA2CEA /* Project object */;
}
