// !$*UTF8*$!
{
	archiveVersion = 1;
	classes = {
	};
	objectVersion = 46;
	objects = {

/* Begin PBXBuildFile section */
		C91ADED117EBB76000DFEB1A /* WLHorizontalSegmentedControl.m in Sources */ = {isa = PBXBuildFile; fileRef = C91ADECA17EBB76000DFEB1A /* WLHorizontalSegmentedControl.m */; };
		C91ADED217EBB76000DFEB1A /* WLSegment.m in Sources */ = {isa = PBXBuildFile; fileRef = C91ADECC17EBB76000DFEB1A /* WLSegment.m */; };
		C91ADED317EBB76000DFEB1A /* WLSegmentedControl.m in Sources */ = {isa = PBXBuildFile; fileRef = C91ADECE17EBB76000DFEB1A /* WLSegmentedControl.m */; };
		C91ADED417EBB76000DFEB1A /* WLVerticalSegmentedControl.m in Sources */ = {isa = PBXBuildFile; fileRef = C91ADED017EBB76000DFEB1A /* WLVerticalSegmentedControl.m */; };
		C91ADED817EBB7C600DFEB1A /* AppDelegate.m in Sources */ = {isa = PBXBuildFile; fileRef = C91ADED717EBB7C600DFEB1A /* AppDelegate.m */; };
		C91ADEDD17EBB7D600DFEB1A /* main.m in Sources */ = {isa = PBXBuildFile; fileRef = C91ADED917EBB7D600DFEB1A /* main.m */; };
		C91ADEFC17EBBA6A00DFEB1A /* Images.xcassets in Resources */ = {isa = PBXBuildFile; fileRef = C91ADEFB17EBBA6A00DFEB1A /* Images.xcassets */; };
/* End PBXBuildFile section */

/* Begin PBXFileReference section */
		1D6058910D05DD3D006BFB54 /* WLSegmentedControls.app */ = {isa = PBXFileReference; explicitFileType = wrapper.application; includeInIndex = 0; path = WLSegmentedControls.app; sourceTree = BUILT_PRODUCTS_DIR; };
		C91ADEC917EBB76000DFEB1A /* WLHorizontalSegmentedControl.h */ = {isa = PBXFileReference; fileEncoding = 4; lastKnownFileType = sourcecode.c.h; name = WLHorizontalSegmentedControl.h; path = WLSegmentedControls/WLHorizontalSegmentedControl.h; sourceTree = SOURCE_ROOT; };
		C91ADECA17EBB76000DFEB1A /* WLHorizontalSegmentedControl.m */ = {isa = PBXFileReference; fileEncoding = 4; lastKnownFileType = sourcecode.c.objc; name = WLHorizontalSegmentedControl.m; path = WLSegmentedControls/WLHorizontalSegmentedControl.m; sourceTree = SOURCE_ROOT; };
		C91ADECB17EBB76000DFEB1A /* WLSegment.h */ = {isa = PBXFileReference; fileEncoding = 4; lastKnownFileType = sourcecode.c.h; name = WLSegment.h; path = WLSegmentedControls/WLSegment.h; sourceTree = SOURCE_ROOT; };
		C91ADECC17EBB76000DFEB1A /* WLSegment.m */ = {isa = PBXFileReference; fileEncoding = 4; lastKnownFileType = sourcecode.c.objc; name = WLSegment.m; path = WLSegmentedControls/WLSegment.m; sourceTree = SOURCE_ROOT; };
		C91ADECD17EBB76000DFEB1A /* WLSegmentedControl.h */ = {isa = PBXFileReference; fileEncoding = 4; lastKnownFileType = sourcecode.c.h; name = WLSegmentedControl.h; path = WLSegmentedControls/WLSegmentedControl.h; sourceTree = SOURCE_ROOT; };
		C91ADECE17EBB76000DFEB1A /* WLSegmentedControl.m */ = {isa = PBXFileReference; fileEncoding = 4; lastKnownFileType = sourcecode.c.objc; name = WLSegmentedControl.m; path = WLSegmentedControls/WLSegmentedControl.m; sourceTree = SOURCE_ROOT; };
		C91ADECF17EBB76000DFEB1A /* WLVerticalSegmentedControl.h */ = {isa = PBXFileReference; fileEncoding = 4; lastKnownFileType = sourcecode.c.h; name = WLVerticalSegmentedControl.h; path = WLSegmentedControls/WLVerticalSegmentedControl.h; sourceTree = SOURCE_ROOT; };
		C91ADED017EBB76000DFEB1A /* WLVerticalSegmentedControl.m */ = {isa = PBXFileReference; fileEncoding = 4; lastKnownFileType = sourcecode.c.objc; name = WLVerticalSegmentedControl.m; path = WLSegmentedControls/WLVerticalSegmentedControl.m; sourceTree = SOURCE_ROOT; };
		C91ADED617EBB7C600DFEB1A /* AppDelegate.h */ = {isa = PBXFileReference; fileEncoding = 4; lastKnownFileType = sourcecode.c.h; name = AppDelegate.h; path = WLSegmentedControls/AppDelegate.h; sourceTree = "<group>"; };
		C91ADED717EBB7C600DFEB1A /* AppDelegate.m */ = {isa = PBXFileReference; fileEncoding = 4; lastKnownFileType = sourcecode.c.objc; name = AppDelegate.m; path = WLSegmentedControls/AppDelegate.m; sourceTree = "<group>"; };
		C91ADED917EBB7D600DFEB1A /* main.m */ = {isa = PBXFileReference; fileEncoding = 4; lastKnownFileType = sourcecode.c.objc; name = main.m; path = WLSegmentedControls/main.m; sourceTree = "<group>"; };
		C91ADEDB17EBB7D600DFEB1A /* WLSegmentedControls_Prefix.pch */ = {isa = PBXFileReference; fileEncoding = 4; lastKnownFileType = sourcecode.c.h; name = WLSegmentedControls_Prefix.pch; path = WLSegmentedControls/WLSegmentedControls_Prefix.pch; sourceTree = "<group>"; };
		C91ADEDC17EBB7D600DFEB1A /* WLSegmentedControls-Info.plist */ = {isa = PBXFileReference; fileEncoding = 4; lastKnownFileType = text.plist.xml; name = "WLSegmentedControls-Info.plist"; path = "WLSegmentedControls/WLSegmentedControls-Info.plist"; sourceTree = "<group>"; };
		C91ADEFB17EBBA6A00DFEB1A /* Images.xcassets */ = {isa = PBXFileReference; lastKnownFileType = folder.assetcatalog; name = Images.xcassets; path = WLSegmentedControls/Images.xcassets; sourceTree = "<group>"; };
		C9802ABA18762657008F3605 /* LICENSE */ = {isa = PBXFileReference; lastKnownFileType = text; path = LICENSE; sourceTree = "<group>"; };
		C9802ABB18762657008F3605 /* README.md */ = {isa = PBXFileReference; lastKnownFileType = text; path = README.md; sourceTree = "<group>"; };
/* End PBXFileReference section */

/* Begin PBXFrameworksBuildPhase section */
		1D60588F0D05DD3D006BFB54 /* Frameworks */ = {
			isa = PBXFrameworksBuildPhase;
			buildActionMask = 2147483647;
			files = (
			);
			runOnlyForDeploymentPostprocessing = 0;
		};
/* End PBXFrameworksBuildPhase section */

/* Begin PBXGroup section */
		19C28FACFE9D520D11CA2CBB /* Products */ = {
			isa = PBXGroup;
			children = (
				1D6058910D05DD3D006BFB54 /* WLSegmentedControls.app */,
			);
			name = Products;
			sourceTree = "<group>";
		};
		29B97314FDCFA39411CA2CEA /* CustomTemplate */ = {
			isa = PBXGroup;
			children = (
				C91ADEF517EBBA1400DFEB1A /* WLSegmentedControls */,
				C91ADED517EBB7B800DFEB1A /* Demo */,
				19C28FACFE9D520D11CA2CBB /* Products */,
			);
			name = CustomTemplate;
			sourceTree = "<group>";
		};
		29B97315FDCFA39411CA2CEA /* Supporting Files */ = {
			isa = PBXGroup;
			children = (
				C91ADED917EBB7D600DFEB1A /* main.m */,
				C91ADEDB17EBB7D600DFEB1A /* WLSegmentedControls_Prefix.pch */,
				C91ADEDC17EBB7D600DFEB1A /* WLSegmentedControls-Info.plist */,
			);
			name = "Supporting Files";
			sourceTree = "<group>";
		};
		C91ADED517EBB7B800DFEB1A /* Demo */ = {
			isa = PBXGroup;
			children = (
				C91ADED617EBB7C600DFEB1A /* AppDelegate.h */,
				C91ADED717EBB7C600DFEB1A /* AppDelegate.m */,
				C91ADEFB17EBBA6A00DFEB1A /* Images.xcassets */,
				29B97315FDCFA39411CA2CEA /* Supporting Files */,
			);
			name = Demo;
			sourceTree = "<group>";
		};
		C91ADEF517EBBA1400DFEB1A /* WLSegmentedControls */ = {
			isa = PBXGroup;
			children = (
				C9802ABB18762657008F3605 /* README.md */,
				C9802ABA18762657008F3605 /* LICENSE */,
				C91ADECD17EBB76000DFEB1A /* WLSegmentedControl.h */,
				C91ADECE17EBB76000DFEB1A /* WLSegmentedControl.m */,
				C91ADEC917EBB76000DFEB1A /* WLHorizontalSegmentedControl.h */,
				C91ADECA17EBB76000DFEB1A /* WLHorizontalSegmentedControl.m */,
				C91ADECF17EBB76000DFEB1A /* WLVerticalSegmentedControl.h */,
				C91ADED017EBB76000DFEB1A /* WLVerticalSegmentedControl.m */,
				C91ADECB17EBB76000DFEB1A /* WLSegment.h */,
				C91ADECC17EBB76000DFEB1A /* WLSegment.m */,
			);
			name = WLSegmentedControls;
			sourceTree = "<group>";
		};
/* End PBXGroup section */

/* Begin PBXNativeTarget section */
		1D6058900D05DD3D006BFB54 /* WLSegmentedControls */ = {
			isa = PBXNativeTarget;
			buildConfigurationList = 1D6058960D05DD3E006BFB54 /* Build configuration list for PBXNativeTarget "WLSegmentedControls" */;
			buildPhases = (
				1D60588D0D05DD3D006BFB54 /* Resources */,
				1D60588E0D05DD3D006BFB54 /* Sources */,
				1D60588F0D05DD3D006BFB54 /* Frameworks */,
				C9D4CF3B11FDBE5900E09B43 /* ShellScript */,
			);
			buildRules = (
			);
			dependencies = (
			);
			name = WLSegmentedControls;
			productName = WLSegmentedControls;
			productReference = 1D6058910D05DD3D006BFB54 /* WLSegmentedControls.app */;
			productType = "com.apple.product-type.application";
		};
/* End PBXNativeTarget section */

/* Begin PBXProject section */
		29B97313FDCFA39411CA2CEA /* Project object */ = {
			isa = PBXProject;
			attributes = {
				LastUpgradeCheck = 0710;
			};
			buildConfigurationList = C01FCF4E08A954540054247B /* Build configuration list for PBXProject "WLSegmentedControls" */;
			compatibilityVersion = "Xcode 3.2";
			developmentRegion = English;
			hasScannedForEncodings = 1;
			knownRegions = (
				English,
				Japanese,
				French,
				German,
			);
			mainGroup = 29B97314FDCFA39411CA2CEA /* CustomTemplate */;
			projectDirPath = "";
			projectRoot = "";
			targets = (
				1D6058900D05DD3D006BFB54 /* WLSegmentedControls */,
			);
		};
/* End PBXProject section */

/* Begin PBXResourcesBuildPhase section */
		1D60588D0D05DD3D006BFB54 /* Resources */ = {
			isa = PBXResourcesBuildPhase;
			buildActionMask = 2147483647;
			files = (
				C91ADEFC17EBBA6A00DFEB1A /* Images.xcassets in Resources */,
			);
			runOnlyForDeploymentPostprocessing = 0;
		};
/* End PBXResourcesBuildPhase section */

/* Begin PBXShellScriptBuildPhase section */
		C9D4CF3B11FDBE5900E09B43 /* ShellScript */ = {
			isa = PBXShellScriptBuildPhase;
			buildActionMask = 2147483647;
			files = (
			);
			inputPaths = (
			);
			outputPaths = (
			);
			runOnlyForDeploymentPostprocessing = 0;
			shellPath = /bin/sh;
			shellScript = "# appledoc -p \"$PROJECT_NAME\" -i \"$SRCROOT\" -o \"$BUILD_DIR/doc\" --xhtml --docset";
		};
/* End PBXShellScriptBuildPhase section */

/* Begin PBXSourcesBuildPhase section */
		1D60588E0D05DD3D006BFB54 /* Sources */ = {
			isa = PBXSourcesBuildPhase;
			buildActionMask = 2147483647;
			files = (
				C91ADED217EBB76000DFEB1A /* WLSegment.m in Sources */,
				C91ADED817EBB7C600DFEB1A /* AppDelegate.m in Sources */,
				C91ADED117EBB76000DFEB1A /* WLHorizontalSegmentedControl.m in Sources */,
				C91ADED317EBB76000DFEB1A /* WLSegmentedControl.m in Sources */,
				C91ADEDD17EBB7D600DFEB1A /* main.m in Sources */,
				C91ADED417EBB76000DFEB1A /* WLVerticalSegmentedControl.m in Sources */,
			);
			runOnlyForDeploymentPostprocessing = 0;
		};
/* End PBXSourcesBuildPhase section */

/* Begin XCBuildConfiguration section */
		1D6058940D05DD3E006BFB54 /* Debug */ = {
			isa = XCBuildConfiguration;
			buildSettings = {
				ALWAYS_SEARCH_USER_PATHS = NO;
				ASSETCATALOG_COMPILER_APPICON_NAME = AppIcon;
				ASSETCATALOG_COMPILER_LAUNCHIMAGE_NAME = LaunchImage;
				COPY_PHASE_STRIP = NO;
				GCC_OPTIMIZATION_LEVEL = 0;
				GCC_PRECOMPILE_PREFIX_HEADER = YES;
				GCC_PREFIX_HEADER = WLSegmentedControls/WLSegmentedControls_Prefix.pch;
				GCC_VERSION = com.apple.compilers.llvm.clang.1_0;
				INFOPLIST_FILE = "WLSegmentedControls/WLSegmentedControls-Info.plist";
				PRODUCT_BUNDLE_IDENTIFIER = "com.moke.${PRODUCT_NAME:rfc1034identifier}";
				PRODUCT_NAME = WLSegmentedControls;
			};
			name = Debug;
		};
		1D6058950D05DD3E006BFB54 /* Release */ = {
			isa = XCBuildConfiguration;
			buildSettings = {
				ALWAYS_SEARCH_USER_PATHS = NO;
				ASSETCATALOG_COMPILER_APPICON_NAME = AppIcon;
				ASSETCATALOG_COMPILER_LAUNCHIMAGE_NAME = LaunchImage;
				COPY_PHASE_STRIP = YES;
				GCC_PRECOMPILE_PREFIX_HEADER = YES;
				GCC_PREFIX_HEADER = WLSegmentedControls/WLSegmentedControls_Prefix.pch;
				GCC_VERSION = com.apple.compilers.llvm.clang.1_0;
				INFOPLIST_FILE = "WLSegmentedControls/WLSegmentedControls-Info.plist";
				PRODUCT_BUNDLE_IDENTIFIER = "com.moke.${PRODUCT_NAME:rfc1034identifier}";
				PRODUCT_NAME = WLSegmentedControls;
				VALIDATE_PRODUCT = YES;
			};
			name = Release;
		};
		C01FCF4F08A954540054247B /* Debug */ = {
			isa = XCBuildConfiguration;
			buildSettings = {
				CLANG_ENABLE_MODULES = YES;
				CLANG_ENABLE_OBJC_ARC = YES;
				CLANG_WARN_DEPRECATED_OBJC_IMPLEMENTATIONS = YES;
				CLANG_WARN_OBJC_EXPLICIT_OWNERSHIP_TYPE = YES;
				CLANG_WARN_OBJC_IMPLICIT_ATOMIC_PROPERTIES = YES;
				CLANG_WARN_SUSPICIOUS_IMPLICIT_CONVERSION = YES;
				CLANG_WARN__DUPLICATE_METHOD_MATCH = YES;
				"CODE_SIGN_IDENTITY[sdk=iphoneos*]" = "iPhone Developer";
				ENABLE_TESTABILITY = YES;
				GCC_C_LANGUAGE_STANDARD = c99;
				GCC_PREPROCESSOR_DEFINITIONS = DEBUG;
				GCC_WARN_STRICT_SELECTOR_MATCH = YES;
				GCC_WARN_UNDECLARED_SELECTOR = YES;
				ONLY_ACTIVE_ARCH = YES;
				OTHER_CFLAGS = (
					"-Wall",
					"-Wextra",
					"-Wno-unused-parameter",
				);
				SDKROOT = iphoneos;
				TARGETED_DEVICE_FAMILY = "1,2";
			};
			name = Debug;
		};
		C01FCF5008A954540054247B /* Release */ = {
			isa = XCBuildConfiguration;
			buildSettings = {
				CLANG_ENABLE_MODULES = YES;
				CLANG_ENABLE_OBJC_ARC = YES;
				CLANG_WARN_DEPRECATED_OBJC_IMPLEMENTATIONS = YES;
				CLANG_WARN_OBJC_EXPLICIT_OWNERSHIP_TYPE = YES;
				CLANG_WARN_OBJC_IMPLICIT_ATOMIC_PROPERTIES = YES;
				CLANG_WARN_SUSPICIOUS_IMPLICIT_CONVERSION = YES;
				CLANG_WARN__DUPLICATE_METHOD_MATCH = YES;
				"CODE_SIGN_IDENTITY[sdk=iphoneos*]" = "iPhone Developer";
				GCC_C_LANGUAGE_STANDARD = c99;
				GCC_WARN_STRICT_SELECTOR_MATCH = YES;
				GCC_WARN_UNDECLARED_SELECTOR = YES;
				OTHER_CFLAGS = (
					"-Wall",
					"-Wextra",
					"-Wno-unused-parameter",
				);
				SDKROOT = iphoneos;
				TARGETED_DEVICE_FAMILY = "1,2";
			};
			name = Release;
		};
/* End XCBuildConfiguration section */

/* Begin XCConfigurationList section */
		1D6058960D05DD3E006BFB54 /* Build configuration list for PBXNativeTarget "WLSegmentedControls" */ = {
			isa = XCConfigurationList;
			buildConfigurations = (
				1D6058940D05DD3E006BFB54 /* Debug */,
				1D6058950D05DD3E006BFB54 /* Release */,
			);
			defaultConfigurationIsVisible = 0;
			defaultConfigurationName = Release;
		};
		C01FCF4E08A954540054247B /* Build configuration list for PBXProject "WLSegmentedControls" */ = {
			isa = XCConfigurationList;
			buildConfigurations = (
				C01FCF4F08A954540054247B /* Debug */,
				C01FCF5008A954540054247B /* Release */,
			);
			defaultConfigurationIsVisible = 0;
			defaultConfigurationName = Release;
		};
/* End XCConfigurationList section */
	};
	rootObject = 29B97313FDCFA39411CA2CEA /* Project object */;
}
